// !$*UTF8*$!
{
	archiveVersion = 1;
	classes = {
	};
	objectVersion = 46;
	objects = {

/* Begin PBXBuildFile section */
		8857587019C666E200FF5024 /* RTLSegment.m in Sources */ = {isa = PBXBuildFile; fileRef = 8857586F19C666E200FF5024 /* RTLSegment.m */; };
		8857587319C6693100FF5024 /* RTLSegmentNodeFactory.m in Sources */ = {isa = PBXBuildFile; fileRef = 8857587219C6693100FF5024 /* RTLSegmentNodeFactory.m */; };
		8860C91819C64B6B0091E8C6 /* main.m in Sources */ = {isa = PBXBuildFile; fileRef = 8860C91719C64B6B0091E8C6 /* main.m */; };
		8860C91B19C64B6B0091E8C6 /* AppDelegate.m in Sources */ = {isa = PBXBuildFile; fileRef = 8860C91A19C64B6B0091E8C6 /* AppDelegate.m */; };
		8860C91E19C64B6B0091E8C6 /* GameScene.m in Sources */ = {isa = PBXBuildFile; fileRef = 8860C91D19C64B6B0091E8C6 /* GameScene.m */; };
		8860C92019C64B6B0091E8C6 /* GameScene.sks in Resources */ = {isa = PBXBuildFile; fileRef = 8860C91F19C64B6B0091E8C6 /* GameScene.sks */; };
		8860C92319C64B6B0091E8C6 /* GameViewController.m in Sources */ = {isa = PBXBuildFile; fileRef = 8860C92219C64B6B0091E8C6 /* GameViewController.m */; };
		8860C92619C64B6B0091E8C6 /* Main.storyboard in Resources */ = {isa = PBXBuildFile; fileRef = 8860C92419C64B6B0091E8C6 /* Main.storyboard */; };
		8860C92819C64B6B0091E8C6 /* Images.xcassets in Resources */ = {isa = PBXBuildFile; fileRef = 8860C92719C64B6B0091E8C6 /* Images.xcassets */; };
		8860C92B19C64B6B0091E8C6 /* LaunchScreen.xib in Resources */ = {isa = PBXBuildFile; fileRef = 8860C92919C64B6B0091E8C6 /* LaunchScreen.xib */; };
		8860C93719C64B6B0091E8C6 /* RideTheLightningTests.m in Sources */ = {isa = PBXBuildFile; fileRef = 8860C93619C64B6B0091E8C6 /* RideTheLightningTests.m */; };
/* End PBXBuildFile section */

/* Begin PBXContainerItemProxy section */
		8860C93119C64B6B0091E8C6 /* PBXContainerItemProxy */ = {
			isa = PBXContainerItemProxy;
			containerPortal = 8860C90A19C64B6B0091E8C6 /* Project object */;
			proxyType = 1;
			remoteGlobalIDString = 8860C91119C64B6B0091E8C6;
			remoteInfo = RideTheLightning;
		};
/* End PBXContainerItemProxy section */

/* Begin PBXFileReference section */
		8857586E19C666E200FF5024 /* RTLSegment.h */ = {isa = PBXFileReference; fileEncoding = 4; lastKnownFileType = sourcecode.c.h; path = RTLSegment.h; sourceTree = "<group>"; };
		8857586F19C666E200FF5024 /* RTLSegment.m */ = {isa = PBXFileReference; fileEncoding = 4; lastKnownFileType = sourcecode.c.objc; path = RTLSegment.m; sourceTree = "<group>"; };
		8857587119C6693100FF5024 /* RTLSegmentNodeFactory.h */ = {isa = PBXFileReference; fileEncoding = 4; lastKnownFileType = sourcecode.c.h; path = RTLSegmentNodeFactory.h; sourceTree = "<group>"; };
		8857587219C6693100FF5024 /* RTLSegmentNodeFactory.m */ = {isa = PBXFileReference; fileEncoding = 4; lastKnownFileType = sourcecode.c.objc; path = RTLSegmentNodeFactory.m; sourceTree = "<group>"; };
		8860C91219C64B6B0091E8C6 /* RideTheLightning.app */ = {isa = PBXFileReference; explicitFileType = wrapper.application; includeInIndex = 0; path = RideTheLightning.app; sourceTree = BUILT_PRODUCTS_DIR; };
		8860C91619C64B6B0091E8C6 /* Info.plist */ = {isa = PBXFileReference; lastKnownFileType = text.plist.xml; path = Info.plist; sourceTree = "<group>"; };
		8860C91719C64B6B0091E8C6 /* main.m */ = {isa = PBXFileReference; lastKnownFileType = sourcecode.c.objc; path = main.m; sourceTree = "<group>"; };
		8860C91919C64B6B0091E8C6 /* AppDelegate.h */ = {isa = PBXFileReference; lastKnownFileType = sourcecode.c.h; path = AppDelegate.h; sourceTree = "<group>"; };
		8860C91A19C64B6B0091E8C6 /* AppDelegate.m */ = {isa = PBXFileReference; lastKnownFileType = sourcecode.c.objc; path = AppDelegate.m; sourceTree = "<group>"; };
		8860C91C19C64B6B0091E8C6 /* GameScene.h */ = {isa = PBXFileReference; lastKnownFileType = sourcecode.c.h; path = GameScene.h; sourceTree = "<group>"; };
		8860C91D19C64B6B0091E8C6 /* GameScene.m */ = {isa = PBXFileReference; lastKnownFileType = sourcecode.c.objc; path = GameScene.m; sourceTree = "<group>"; };
		8860C91F19C64B6B0091E8C6 /* GameScene.sks */ = {isa = PBXFileReference; lastKnownFileType = file.sks; path = GameScene.sks; sourceTree = "<group>"; };
		8860C92119C64B6B0091E8C6 /* GameViewController.h */ = {isa = PBXFileReference; lastKnownFileType = sourcecode.c.h; path = GameViewController.h; sourceTree = "<group>"; };
		8860C92219C64B6B0091E8C6 /* GameViewController.m */ = {isa = PBXFileReference; lastKnownFileType = sourcecode.c.objc; path = GameViewController.m; sourceTree = "<group>"; };
		8860C92519C64B6B0091E8C6 /* Base */ = {isa = PBXFileReference; lastKnownFileType = file.storyboard; name = Base; path = Base.lproj/Main.storyboard; sourceTree = "<group>"; };
		8860C92719C64B6B0091E8C6 /* Images.xcassets */ = {isa = PBXFileReference; lastKnownFileType = folder.assetcatalog; path = Images.xcassets; sourceTree = "<group>"; };
		8860C92A19C64B6B0091E8C6 /* Base */ = {isa = PBXFileReference; lastKnownFileType = file.xib; name = Base; path = Base.lproj/LaunchScreen.xib; sourceTree = "<group>"; };
		8860C93019C64B6B0091E8C6 /* RideTheLightningTests.xctest */ = {isa = PBXFileReference; explicitFileType = wrapper.cfbundle; includeInIndex = 0; path = RideTheLightningTests.xctest; sourceTree = BUILT_PRODUCTS_DIR; };
		8860C93519C64B6B0091E8C6 /* Info.plist */ = {isa = PBXFileReference; lastKnownFileType = text.plist.xml; path = Info.plist; sourceTree = "<group>"; };
		8860C93619C64B6B0091E8C6 /* RideTheLightningTests.m */ = {isa = PBXFileReference; lastKnownFileType = sourcecode.c.objc; path = RideTheLightningTests.m; sourceTree = "<group>"; };
/* End PBXFileReference section */

/* Begin PBXFrameworksBuildPhase section */
		8860C90F19C64B6B0091E8C6 /* Frameworks */ = {
			isa = PBXFrameworksBuildPhase;
			buildActionMask = 2147483647;
			files = (
			);
			runOnlyForDeploymentPostprocessing = 0;
		};
		8860C92D19C64B6B0091E8C6 /* Frameworks */ = {
			isa = PBXFrameworksBuildPhase;
			buildActionMask = 2147483647;
			files = (
			);
			runOnlyForDeploymentPostprocessing = 0;
		};
/* End PBXFrameworksBuildPhase section */

/* Begin PBXGroup section */
		8860C90919C64B6B0091E8C6 = {
			isa = PBXGroup;
			children = (
				8860C91419C64B6B0091E8C6 /* RideTheLightning */,
				8860C93319C64B6B0091E8C6 /* RideTheLightningTests */,
				8860C91319C64B6B0091E8C6 /* Products */,
			);
			sourceTree = "<group>";
		};
		8860C91319C64B6B0091E8C6 /* Products */ = {
			isa = PBXGroup;
			children = (
				8860C91219C64B6B0091E8C6 /* RideTheLightning.app */,
				8860C93019C64B6B0091E8C6 /* RideTheLightningTests.xctest */,
			);
			name = Products;
			sourceTree = "<group>";
		};
		8860C91419C64B6B0091E8C6 /* RideTheLightning */ = {
			isa = PBXGroup;
			children = (
				8860C91919C64B6B0091E8C6 /* AppDelegate.h */,
				8860C91A19C64B6B0091E8C6 /* AppDelegate.m */,
				8860C91C19C64B6B0091E8C6 /* GameScene.h */,
				8860C91D19C64B6B0091E8C6 /* GameScene.m */,
				8860C91F19C64B6B0091E8C6 /* GameScene.sks */,
				8860C92119C64B6B0091E8C6 /* GameViewController.h */,
				8860C92219C64B6B0091E8C6 /* GameViewController.m */,
				8860C92419C64B6B0091E8C6 /* Main.storyboard */,
				8860C92719C64B6B0091E8C6 /* Images.xcassets */,
				8860C92919C64B6B0091E8C6 /* LaunchScreen.xib */,
				8857586E19C666E200FF5024 /* RTLSegment.h */,
				8857586F19C666E200FF5024 /* RTLSegment.m */,
				8860C91519C64B6B0091E8C6 /* Supporting Files */,
				8857587119C6693100FF5024 /* RTLSegmentNodeFactory.h */,
				8857587219C6693100FF5024 /* RTLSegmentNodeFactory.m */,
			);
			path = RideTheLightning;
			sourceTree = "<group>";
		};
		8860C91519C64B6B0091E8C6 /* Supporting Files */ = {
			isa = PBXGroup;
			children = (
				8860C91619C64B6B0091E8C6 /* Info.plist */,
				8860C91719C64B6B0091E8C6 /* main.m */,
			);
			name = "Supporting Files";
			sourceTree = "<group>";
		};
		8860C93319C64B6B0091E8C6 /* RideTheLightningTests */ = {
			isa = PBXGroup;
			children = (
				8860C93619C64B6B0091E8C6 /* RideTheLightningTests.m */,
				8860C93419C64B6B0091E8C6 /* Supporting Files */,
			);
			path = RideTheLightningTests;
			sourceTree = "<group>";
		};
		8860C93419C64B6B0091E8C6 /* Supporting Files */ = {
			isa = PBXGroup;
			children = (
				8860C93519C64B6B0091E8C6 /* Info.plist */,
			);
			name = "Supporting Files";
			sourceTree = "<group>";
		};
/* End PBXGroup section */

/* Begin PBXNativeTarget section */
		8860C91119C64B6B0091E8C6 /* RideTheLightning */ = {
			isa = PBXNativeTarget;
			buildConfigurationList = 8860C93A19C64B6B0091E8C6 /* Build configuration list for PBXNativeTarget "RideTheLightning" */;
			buildPhases = (
				8860C90E19C64B6B0091E8C6 /* Sources */,
				8860C90F19C64B6B0091E8C6 /* Frameworks */,
				8860C91019C64B6B0091E8C6 /* Resources */,
			);
			buildRules = (
			);
			dependencies = (
			);
			name = RideTheLightning;
			productName = RideTheLightning;
			productReference = 8860C91219C64B6B0091E8C6 /* RideTheLightning.app */;
			productType = "com.apple.product-type.application";
		};
		8860C92F19C64B6B0091E8C6 /* RideTheLightningTests */ = {
			isa = PBXNativeTarget;
			buildConfigurationList = 8860C93D19C64B6B0091E8C6 /* Build configuration list for PBXNativeTarget "RideTheLightningTests" */;
			buildPhases = (
				8860C92C19C64B6B0091E8C6 /* Sources */,
				8860C92D19C64B6B0091E8C6 /* Frameworks */,
				8860C92E19C64B6B0091E8C6 /* Resources */,
			);
			buildRules = (
			);
			dependencies = (
				8860C93219C64B6B0091E8C6 /* PBXTargetDependency */,
			);
			name = RideTheLightningTests;
			productName = RideTheLightningTests;
			productReference = 8860C93019C64B6B0091E8C6 /* RideTheLightningTests.xctest */;
			productType = "com.apple.product-type.bundle.unit-test";
		};
/* End PBXNativeTarget section */

/* Begin PBXProject section */
		8860C90A19C64B6B0091E8C6 /* Project object */ = {
			isa = PBXProject;
			attributes = {
				LastUpgradeCheck = 0600;
				ORGANIZATIONNAME = "Derek Mordarski";
				TargetAttributes = {
					8860C91119C64B6B0091E8C6 = {
						CreatedOnToolsVersion = 6.0;
					};
					8860C92F19C64B6B0091E8C6 = {
						CreatedOnToolsVersion = 6.0;
						TestTargetID = 8860C91119C64B6B0091E8C6;
					};
				};
			};
			buildConfigurationList = 8860C90D19C64B6B0091E8C6 /* Build configuration list for PBXProject "RideTheLightning" */;
			compatibilityVersion = "Xcode 3.2";
			developmentRegion = English;
			hasScannedForEncodings = 0;
			knownRegions = (
				en,
				Base,
			);
			mainGroup = 8860C90919C64B6B0091E8C6;
			productRefGroup = 8860C91319C64B6B0091E8C6 /* Products */;
			projectDirPath = "";
			projectRoot = "";
			targets = (
				8860C91119C64B6B0091E8C6 /* RideTheLightning */,
				8860C92F19C64B6B0091E8C6 /* RideTheLightningTests */,
			);
		};
/* End PBXProject section */

/* Begin PBXResourcesBuildPhase section */
		8860C91019C64B6B0091E8C6 /* Resources */ = {
			isa = PBXResourcesBuildPhase;
			buildActionMask = 2147483647;
			files = (
				8860C92B19C64B6B0091E8C6 /* LaunchScreen.xib in Resources */,
				8860C92819C64B6B0091E8C6 /* Images.xcassets in Resources */,
				8860C92019C64B6B0091E8C6 /* GameScene.sks in Resources */,
				8860C92619C64B6B0091E8C6 /* Main.storyboard in Resources */,
			);
			runOnlyForDeploymentPostprocessing = 0;
		};
		8860C92E19C64B6B0091E8C6 /* Resources */ = {
			isa = PBXResourcesBuildPhase;
			buildActionMask = 2147483647;
			files = (
			);
			runOnlyForDeploymentPostprocessing = 0;
		};
/* End PBXResourcesBuildPhase section */

/* Begin PBXSourcesBuildPhase section */
		8860C90E19C64B6B0091E8C6 /* Sources */ = {
			isa = PBXSourcesBuildPhase;
			buildActionMask = 2147483647;
			files = (
				8860C92319C64B6B0091E8C6 /* GameViewController.m in Sources */,
				8857587319C6693100FF5024 /* RTLSegmentNodeFactory.m in Sources */,
				8857587019C666E200FF5024 /* RTLSegment.m in Sources */,
				8860C91B19C64B6B0091E8C6 /* AppDelegate.m in Sources */,
				8860C91E19C64B6B0091E8C6 /* GameScene.m in Sources */,
				8860C91819C64B6B0091E8C6 /* main.m in Sources */,
			);
			runOnlyForDeploymentPostprocessing = 0;
		};
		8860C92C19C64B6B0091E8C6 /* Sources */ = {
			isa = PBXSourcesBuildPhase;
			buildActionMask = 2147483647;
			files = (
				8860C93719C64B6B0091E8C6 /* RideTheLightningTests.m in Sources */,
			);
			runOnlyForDeploymentPostprocessing = 0;
		};
/* End PBXSourcesBuildPhase section */

/* Begin PBXTargetDependency section */
		8860C93219C64B6B0091E8C6 /* PBXTargetDependency */ = {
			isa = PBXTargetDependency;
			target = 8860C91119C64B6B0091E8C6 /* RideTheLightning */;
			targetProxy = 8860C93119C64B6B0091E8C6 /* PBXContainerItemProxy */;
		};
/* End PBXTargetDependency section */

/* Begin PBXVariantGroup section */
		8860C92419C64B6B0091E8C6 /* Main.storyboard */ = {
			isa = PBXVariantGroup;
			children = (
				8860C92519C64B6B0091E8C6 /* Base */,
			);
			name = Main.storyboard;
			sourceTree = "<group>";
		};
		8860C92919C64B6B0091E8C6 /* LaunchScreen.xib */ = {
			isa = PBXVariantGroup;
			children = (
				8860C92A19C64B6B0091E8C6 /* Base */,
			);
			name = LaunchScreen.xib;
			sourceTree = "<group>";
		};
/* End PBXVariantGroup section */

/* Begin XCBuildConfiguration section */
		8860C93819C64B6B0091E8C6 /* Debug */ = {
			isa = XCBuildConfiguration;
			buildSettings = {
				ALWAYS_SEARCH_USER_PATHS = NO;
				CLANG_CXX_LANGUAGE_STANDARD = "gnu++0x";
				CLANG_CXX_LIBRARY = "libc++";
				CLANG_ENABLE_MODULES = YES;
				CLANG_ENABLE_OBJC_ARC = YES;
				CLANG_WARN_BOOL_CONVERSION = YES;
				CLANG_WARN_CONSTANT_CONVERSION = YES;
				CLANG_WARN_DIRECT_OBJC_ISA_USAGE = YES_ERROR;
				CLANG_WARN_EMPTY_BODY = YES;
				CLANG_WARN_ENUM_CONVERSION = YES;
				CLANG_WARN_INT_CONVERSION = YES;
				CLANG_WARN_OBJC_ROOT_CLASS = YES_ERROR;
				CLANG_WARN_UNREACHABLE_CODE = YES;
				CLANG_WARN__DUPLICATE_METHOD_MATCH = YES;
				"CODE_SIGN_IDENTITY[sdk=iphoneos*]" = "iPhone Developer";
				COPY_PHASE_STRIP = NO;
				ENABLE_STRICT_OBJC_MSGSEND = YES;
				GCC_C_LANGUAGE_STANDARD = gnu99;
				GCC_DYNAMIC_NO_PIC = NO;
				GCC_OPTIMIZATION_LEVEL = 0;
				GCC_PREPROCESSOR_DEFINITIONS = (
					"DEBUG=1",
					"$(inherited)",
				);
				GCC_SYMBOLS_PRIVATE_EXTERN = NO;
				GCC_WARN_64_TO_32_BIT_CONVERSION = YES;
				GCC_WARN_ABOUT_RETURN_TYPE = YES_ERROR;
				GCC_WARN_UNDECLARED_SELECTOR = YES;
				GCC_WARN_UNINITIALIZED_AUTOS = YES_AGGRESSIVE;
				GCC_WARN_UNUSED_FUNCTION = YES;
				GCC_WARN_UNUSED_VARIABLE = YES;
				IPHONEOS_DEPLOYMENT_TARGET = 8.0;
				MTL_ENABLE_DEBUG_INFO = YES;
				ONLY_ACTIVE_ARCH = YES;
				SDKROOT = iphoneos;
				TARGETED_DEVICE_FAMILY = "1,2";
			};
			name = Debug;
		};
		8860C93919C64B6B0091E8C6 /* Release */ = {
			isa = XCBuildConfiguration;
			buildSettings = {
				ALWAYS_SEARCH_USER_PATHS = NO;
				CLANG_CXX_LANGUAGE_STANDARD = "gnu++0x";
				CLANG_CXX_LIBRARY = "libc++";
				CLANG_ENABLE_MODULES = YES;
				CLANG_ENABLE_OBJC_ARC = YES;
				CLANG_WARN_BOOL_CONVERSION = YES;
				CLANG_WARN_CONSTANT_CONVERSION = YES;
				CLANG_WARN_DIRECT_OBJC_ISA_USAGE = YES_ERROR;
				CLANG_WARN_EMPTY_BODY = YES;
				CLANG_WARN_ENUM_CONVERSION = YES;
				CLANG_WARN_INT_CONVERSION = YES;
				CLANG_WARN_OBJC_ROOT_CLASS = YES_ERROR;
				CLANG_WARN_UNREACHABLE_CODE = YES;
				CLANG_WARN__DUPLICATE_METHOD_MATCH = YES;
				"CODE_SIGN_IDENTITY[sdk=iphoneos*]" = "iPhone Developer";
				COPY_PHASE_STRIP = YES;
				ENABLE_NS_ASSERTIONS = NO;
				ENABLE_STRICT_OBJC_MSGSEND = YES;
				GCC_C_LANGUAGE_STANDARD = gnu99;
				GCC_WARN_64_TO_32_BIT_CONVERSION = YES;
				GCC_WARN_ABOUT_RETURN_TYPE = YES_ERROR;
				GCC_WARN_UNDECLARED_SELECTOR = YES;
				GCC_WARN_UNINITIALIZED_AUTOS = YES_AGGRESSIVE;
				GCC_WARN_UNUSED_FUNCTION = YES;
				GCC_WARN_UNUSED_VARIABLE = YES;
				IPHONEOS_DEPLOYMENT_TARGET = 8.0;
				MTL_ENABLE_DEBUG_INFO = NO;
				SDKROOT = iphoneos;
				TARGETED_DEVICE_FAMILY = "1,2";
				VALIDATE_PRODUCT = YES;
			};
			name = Release;
		};
		8860C93B19C64B6B0091E8C6 /* Debug */ = {
			isa = XCBuildConfiguration;
			buildSettings = {
				ASSETCATALOG_COMPILER_APPICON_NAME = AppIcon;
				INFOPLIST_FILE = RideTheLightning/Info.plist;
				LD_RUNPATH_SEARCH_PATHS = "$(inherited) @executable_path/Frameworks";
				PRODUCT_NAME = "$(TARGET_NAME)";
			};
			name = Debug;
		};
		8860C93C19C64B6B0091E8C6 /* Release */ = {
			isa = XCBuildConfiguration;
			buildSettings = {
				ASSETCATALOG_COMPILER_APPICON_NAME = AppIcon;
				INFOPLIST_FILE = RideTheLightning/Info.plist;
				LD_RUNPATH_SEARCH_PATHS = "$(inherited) @executable_path/Frameworks";
				PRODUCT_NAME = "$(TARGET_NAME)";
			};
			name = Release;
		};
		8860C93E19C64B6B0091E8C6 /* Debug */ = {
			isa = XCBuildConfiguration;
			buildSettings = {
				BUNDLE_LOADER = "$(TEST_HOST)";
				FRAMEWORK_SEARCH_PATHS = (
					"$(SDKROOT)/Developer/Library/Frameworks",
					"$(inherited)",
				);
				GCC_PREPROCESSOR_DEFINITIONS = (
					"DEBUG=1",
					"$(inherited)",
				);
				INFOPLIST_FILE = RideTheLightningTests/Info.plist;
				LD_RUNPATH_SEARCH_PATHS = "$(inherited) @executable_path/Frameworks @loader_path/Frameworks";
				PRODUCT_NAME = "$(TARGET_NAME)";
				TEST_HOST = "$(BUILT_PRODUCTS_DIR)/RideTheLightning.app/RideTheLightning";
			};
			name = Debug;
		};
		8860C93F19C64B6B0091E8C6 /* Release */ = {
			isa = XCBuildConfiguration;
			buildSettings = {
				BUNDLE_LOADER = "$(TEST_HOST)";
				FRAMEWORK_SEARCH_PATHS = (
					"$(SDKROOT)/Developer/Library/Frameworks",
					"$(inherited)",
				);
				INFOPLIST_FILE = RideTheLightningTests/Info.plist;
				LD_RUNPATH_SEARCH_PATHS = "$(inherited) @executable_path/Frameworks @loader_path/Frameworks";
				PRODUCT_NAME = "$(TARGET_NAME)";
				TEST_HOST = "$(BUILT_PRODUCTS_DIR)/RideTheLightning.app/RideTheLightning";
			};
			name = Release;
		};
/* End XCBuildConfiguration section */

/* Begin XCConfigurationList section */
		8860C90D19C64B6B0091E8C6 /* Build configuration list for PBXProject "RideTheLightning" */ = {
			isa = XCConfigurationList;
			buildConfigurations = (
				8860C93819C64B6B0091E8C6 /* Debug */,
				8860C93919C64B6B0091E8C6 /* Release */,
			);
			defaultConfigurationIsVisible = 0;
			defaultConfigurationName = Release;
		};
		8860C93A19C64B6B0091E8C6 /* Build configuration list for PBXNativeTarget "RideTheLightning" */ = {
			isa = XCConfigurationList;
			buildConfigurations = (
				8860C93B19C64B6B0091E8C6 /* Debug */,
				8860C93C19C64B6B0091E8C6 /* Release */,
			);
			defaultConfigurationIsVisible = 0;
			defaultConfigurationName = Release;
		};
		8860C93D19C64B6B0091E8C6 /* Build configuration list for PBXNativeTarget "RideTheLightningTests" */ = {
			isa = XCConfigurationList;
			buildConfigurations = (
				8860C93E19C64B6B0091E8C6 /* Debug */,
				8860C93F19C64B6B0091E8C6 /* Release */,
			);
			defaultConfigurationIsVisible = 0;
			defaultConfigurationName = Release;
		};
/* End XCConfigurationList section */
	};
	rootObject = 8860C90A19C64B6B0091E8C6 /* Project object */;
}
